
Microsoft Visual Studio Solution File, Format Version 12.00
# Visual Studio 15
VisualStudioVersion = 15.0.27428.2043
MinimumVisualStudioVersion = 10.0.40219.1
Project("{8BC9CEB8-8B4A-11D0-8D11-00A0C91BC942}") = "Assignment_Advanced_5_Function_Calculator", "Assignment_Advanced_5_Function_Calculator\Assignment_Advanced_5_Function_Calculator.vcxproj", "{CB28315F-5C4F-4AAC-8E3B-173739E68E30}"
EndProject
Global
	GlobalSection(SolutionConfigurationPlatforms) = preSolution
		Debug|x64 = Debug|x64
		Debug|x86 = Debug|x86
		Release|x64 = Release|x64
		Release|x86 = Release|x86
	EndGlobalSection
	GlobalSection(ProjectConfigurationPlatforms) = postSolution
		{CB28315F-5C4F-4AAC-8E3B-173739E68E30}.Debug|x64.ActiveCfg = Debug|x64
		{CB28315F-5C4F-4AAC-8E3B-173739E68E30}.Debug|x64.Build.0 = Debug|x64
		{CB28315F-5C4F-4AAC-8E3B-173739E68E30}.Debug|x86.ActiveCfg = Debug|Win32
		{CB28315F-5C4F-4AAC-8E3B-173739E68E30}.Debug|x86.Build.0 = Debug|Win32
		{CB28315F-5C4F-4AAC-8E3B-173739E68E30}.Release|x64.ActiveCfg = Release|x64
		{CB28315F-5C4F-4AAC-8E3B-173739E68E30}.Release|x64.Build.0 = Release|x64
		{CB28315F-5C4F-4AAC-8E3B-173739E68E30}.Release|x86.ActiveCfg = Release|Win32
		{CB28315F-5C4F-4AAC-8E3B-173739E68E30}.Release|x86.Build.0 = Release|Win32
	EndGlobalSection
	GlobalSection(SolutionProperties) = preSolution
		HideSolutionNode = FALSE
	EndGlobalSection
	GlobalSection(ExtensibilityGlobals) = postSolution
		SolutionGuid = {37714378-E37B-4133-B203-3DD2BF97DC23}
	EndGlobalSection
EndGlobal
